{
  "name": "vibe-surgeon",
  "version": "0.2.0",
  "lockfileVersion": 3,
  "requires": true,
  "packages": {
    "": {
      "name": "vibe-surgeon",
      "version": "0.2.0",
      "license": "MIT",
      "bin": {
        "vibe-surgeon": "bin/vibe-surgeon.mjs",
        "vsurgeon": "bin/vibe-surgeon.mjs"
      },
      "engines": {
        "node": ">=20"
      }
    }
  }
}
